
Microsoft Visual Studio Solution File, Format Version 12.00
# Visual Studio Version 16
VisualStudioVersion = 16.0.28803.352
MinimumVisualStudioVersion = 10.0.40219.1
Project("{FAE04EC0-301F-11D3-BF4B-00C04F79EFBC}") = "LoginOgInfo", "LoginOgInfo\LoginOgInfo.csproj", "{67D70616-86D8-4DE3-AC32-A3FF6D81E910}"
EndProject
Global
	GlobalSection(SolutionConfigurationPlatforms) = preSolution
		Debug|Any CPU = Debug|Any CPU
		Release|Any CPU = Release|Any CPU
	EndGlobalSection
	GlobalSection(ProjectConfigurationPlatforms) = postSolution
		{67D70616-86D8-4DE3-AC32-A3FF6D81E910}.Debug|Any CPU.ActiveCfg = Debug|Any CPU
		{67D70616-86D8-4DE3-AC32-A3FF6D81E910}.Debug|Any CPU.Build.0 = Debug|Any CPU
		{67D70616-86D8-4DE3-AC32-A3FF6D81E910}.Release|Any CPU.ActiveCfg = Release|Any CPU
		{67D70616-86D8-4DE3-AC32-A3FF6D81E910}.Release|Any CPU.Build.0 = Release|Any CPU
	EndGlobalSection
	GlobalSection(SolutionProperties) = preSolution
		HideSolutionNode = FALSE
	EndGlobalSection
	GlobalSection(ExtensibilityGlobals) = postSolution
		SolutionGuid = {6F600267-99F3-4BF8-8219-6A1F08E152E1}
	EndGlobalSection
EndGlobal
