
Microsoft Visual Studio Solution File, Format Version 12.00
# Visual Studio Version 16
VisualStudioVersion = 16.0.28803.352
MinimumVisualStudioVersion = 10.0.40219.1
Project("{9A19103F-16F7-4668-BE54-9A1E7A4F7556}") = "Hjemmesidetemplate", "Hjemmesidetemplate.csproj", "{99B08110-6182-4598-B420-AF82BE959A48}"
EndProject
Global
	GlobalSection(SolutionConfigurationPlatforms) = preSolution
		Debug|Any CPU = Debug|Any CPU
		Release|Any CPU = Release|Any CPU
	EndGlobalSection
	GlobalSection(ProjectConfigurationPlatforms) = postSolution
		{99B08110-6182-4598-B420-AF82BE959A48}.Debug|Any CPU.ActiveCfg = Debug|Any CPU
		{99B08110-6182-4598-B420-AF82BE959A48}.Debug|Any CPU.Build.0 = Debug|Any CPU
		{99B08110-6182-4598-B420-AF82BE959A48}.Release|Any CPU.ActiveCfg = Release|Any CPU
		{99B08110-6182-4598-B420-AF82BE959A48}.Release|Any CPU.Build.0 = Release|Any CPU
	EndGlobalSection
	GlobalSection(SolutionProperties) = preSolution
		HideSolutionNode = FALSE
	EndGlobalSection
	GlobalSection(ExtensibilityGlobals) = postSolution
		SolutionGuid = {3E959B22-62AD-45DE-A0B7-2969193A08EC}
	EndGlobalSection
EndGlobal
